
Microsoft Visual Studio Solution File, Format Version 12.00
# Visual Studio 15
VisualStudioVersion = 15.0.28307.572
MinimumVisualStudioVersion = 10.0.40219.1
Project("{FAE04EC0-301F-11D3-BF4B-00C04F79EFBC}") = "MyServiceSecurity", "MyServiceSecurity\MyServiceSecurity.csproj", "{794657BA-8F0D-4EDC-A6F4-47AD1AE7D9F3}"
EndProject
Project("{FAE04EC0-301F-11D3-BF4B-00C04F79EFBC}") = "TestSecurityWCF", "TestSecurityWCF\TestSecurityWCF.csproj", "{B4EB60B0-1F6F-48C9-8F69-F1124C3E7A80}"
	ProjectSection(ProjectDependencies) = postProject
		{794657BA-8F0D-4EDC-A6F4-47AD1AE7D9F3} = {794657BA-8F0D-4EDC-A6F4-47AD1AE7D9F3}
	EndProjectSection
EndProject
Global
	GlobalSection(SolutionConfigurationPlatforms) = preSolution
		Debug|Any CPU = Debug|Any CPU
		Release|Any CPU = Release|Any CPU
	EndGlobalSection
	GlobalSection(ProjectConfigurationPlatforms) = postSolution
		{794657BA-8F0D-4EDC-A6F4-47AD1AE7D9F3}.Debug|Any CPU.ActiveCfg = Debug|Any CPU
		{794657BA-8F0D-4EDC-A6F4-47AD1AE7D9F3}.Debug|Any CPU.Build.0 = Debug|Any CPU
		{794657BA-8F0D-4EDC-A6F4-47AD1AE7D9F3}.Release|Any CPU.ActiveCfg = Release|Any CPU
		{794657BA-8F0D-4EDC-A6F4-47AD1AE7D9F3}.Release|Any CPU.Build.0 = Release|Any CPU
		{B4EB60B0-1F6F-48C9-8F69-F1124C3E7A80}.Debug|Any CPU.ActiveCfg = Debug|Any CPU
		{B4EB60B0-1F6F-48C9-8F69-F1124C3E7A80}.Debug|Any CPU.Build.0 = Debug|Any CPU
		{B4EB60B0-1F6F-48C9-8F69-F1124C3E7A80}.Release|Any CPU.ActiveCfg = Release|Any CPU
		{B4EB60B0-1F6F-48C9-8F69-F1124C3E7A80}.Release|Any CPU.Build.0 = Release|Any CPU
	EndGlobalSection
	GlobalSection(SolutionProperties) = preSolution
		HideSolutionNode = FALSE
	EndGlobalSection
	GlobalSection(ExtensibilityGlobals) = postSolution
		SolutionGuid = {15EA69FD-B248-4058-93EF-B9EB317F894D}
	EndGlobalSection
EndGlobal
